
Microsoft Visual Studio Solution File, Format Version 12.00
# Visual Studio Version 17
VisualStudioVersion = 17.2.32602.215
MinimumVisualStudioVersion = 10.0.40219.1
Project("{FAE04EC0-301F-11D3-BF4B-00C04F79EFBC}") = "LabLogic-CodingTest", "LabLogic-CodingTest.csproj", "{07600845-8D47-469C-8CE7-2574329D661C}"
EndProject
Global
	GlobalSection(SolutionConfigurationPlatforms) = preSolution
		Debug|Any CPU = Debug|Any CPU
		Release|Any CPU = Release|Any CPU
	EndGlobalSection
	GlobalSection(ProjectConfigurationPlatforms) = postSolution
		{07600845-8D47-469C-8CE7-2574329D661C}.Debug|Any CPU.ActiveCfg = Debug|Any CPU
		{07600845-8D47-469C-8CE7-2574329D661C}.Debug|Any CPU.Build.0 = Debug|Any CPU
		{07600845-8D47-469C-8CE7-2574329D661C}.Release|Any CPU.ActiveCfg = Release|Any CPU
		{07600845-8D47-469C-8CE7-2574329D661C}.Release|Any CPU.Build.0 = Release|Any CPU
	EndGlobalSection
	GlobalSection(SolutionProperties) = preSolution
		HideSolutionNode = FALSE
	EndGlobalSection
	GlobalSection(ExtensibilityGlobals) = postSolution
		SolutionGuid = {A652709E-7584-4A0F-89C7-B2EAFB2743E8}
	EndGlobalSection
EndGlobal
